
Microsoft Visual Studio Solution File, Format Version 12.00
# Visual Studio 15
VisualStudioVersion = 15.0.28307.106
MinimumVisualStudioVersion = 10.0.40219.1
Project("{9A19103F-16F7-4668-BE54-9A1E7A4F7556}") = "FluentEvents", "src\FluentEvents\FluentEvents.csproj", "{BB5FF2C5-013F-43A6-8FC0-D6EBFE255FAC}"
EndProject
Project("{9A19103F-16F7-4668-BE54-9A1E7A4F7556}") = "FluentEvents.Azure.ServiceBus", "src\FluentEvents.Azure.ServiceBus\FluentEvents.Azure.ServiceBus.csproj", "{0273E955-5031-4306-B728-C94512BB7860}"
EndProject
Project("{9A19103F-16F7-4668-BE54-9A1E7A4F7556}") = "FluentEvents.EntityFramework", "src\FluentEvents.EntityFramework\FluentEvents.EntityFramework.csproj", "{24D928EA-A203-4E74-85C9-03401AFB7700}"
EndProject
Project("{9A19103F-16F7-4668-BE54-9A1E7A4F7556}") = "FluentEvents.IntegrationTests", "src\FluentEvents.IntegrationTests\FluentEvents.IntegrationTests.csproj", "{6CF22E7E-0BE5-441D-8B8C-3E0BAB299802}"
EndProject
Project("{9A19103F-16F7-4668-BE54-9A1E7A4F7556}") = "FluentEvents.UnitTests", "src\FluentEvents.UnitTests\FluentEvents.UnitTests.csproj", "{A599BBA6-6FCD-4A33-838B-3D177FED9CD0}"
EndProject
Project("{9A19103F-16F7-4668-BE54-9A1E7A4F7556}") = "FluentEvents.Azure.SignalR", "src\FluentEvents.Azure.SignalR\FluentEvents.Azure.SignalR.csproj", "{0505FA26-ADDC-42E2-87DB-C819362B1604}"
EndProject
Project("{9A19103F-16F7-4668-BE54-9A1E7A4F7556}") = "FluentEvents.EntityFrameworkCore", "src\FluentEvents.EntityFrameworkCore\FluentEvents.EntityFrameworkCore.csproj", "{39AB0BB9-F4DC-4ECC-B5E1-6C6E89F4A5AA}"
EndProject
Project("{9A19103F-16F7-4668-BE54-9A1E7A4F7556}") = "FluentEvents.EntityFrameworkCore.IntegrationTests", "src\FluentEvents.EntityFrameworkCore.IntegrationTests\FluentEvents.EntityFrameworkCore.IntegrationTests.csproj", "{03979680-498C-4557-B0E5-092EEA62540E}"
EndProject
Project("{9A19103F-16F7-4668-BE54-9A1E7A4F7556}") = "FluentEvents.IntegrationTests.Common", "src\FluentEvents.IntegrationTests.Common\FluentEvents.IntegrationTests.Common.csproj", "{66904ECA-72D3-47AA-9E14-181299347896}"
EndProject
Project("{9A19103F-16F7-4668-BE54-9A1E7A4F7556}") = "FluentEvents.EntityFramework.IntegrationTests", "src\FluentEvents.EntityFramework.IntegrationTests\FluentEvents.EntityFramework.IntegrationTests.csproj", "{72A3D782-BF4C-442F-B958-C69F7D1F8A4A}"
EndProject
Project("{9A19103F-16F7-4668-BE54-9A1E7A4F7556}") = "FluentEvents.Azure.ServiceBus.IntegrationTests", "src\FluentEvents.Azure.ServiceBus.IntegrationTests\FluentEvents.Azure.ServiceBus.IntegrationTests.csproj", "{C83981A1-519E-4803-BB42-301DA98A23C8}"
EndProject
Project("{FAE04EC0-301F-11D3-BF4B-00C04F79EFBC}") = "FluentEvents.Azure.ServiceBus.Tests", "src\FluentEvents.Azure.ServiceBus.Tests\FluentEvents.Azure.ServiceBus.Tests.csproj", "{DD7EB384-BCB0-439A-9B72-2B25A2A09EAC}"
EndProject
Global
	GlobalSection(SolutionConfigurationPlatforms) = preSolution
		Debug|Any CPU = Debug|Any CPU
		Release|Any CPU = Release|Any CPU
	EndGlobalSection
	GlobalSection(ProjectConfigurationPlatforms) = postSolution
		{BB5FF2C5-013F-43A6-8FC0-D6EBFE255FAC}.Debug|Any CPU.ActiveCfg = Debug|Any CPU
		{BB5FF2C5-013F-43A6-8FC0-D6EBFE255FAC}.Debug|Any CPU.Build.0 = Debug|Any CPU
		{BB5FF2C5-013F-43A6-8FC0-D6EBFE255FAC}.Release|Any CPU.ActiveCfg = Release|Any CPU
		{BB5FF2C5-013F-43A6-8FC0-D6EBFE255FAC}.Release|Any CPU.Build.0 = Release|Any CPU
		{0273E955-5031-4306-B728-C94512BB7860}.Debug|Any CPU.ActiveCfg = Debug|Any CPU
		{0273E955-5031-4306-B728-C94512BB7860}.Debug|Any CPU.Build.0 = Debug|Any CPU
		{0273E955-5031-4306-B728-C94512BB7860}.Release|Any CPU.ActiveCfg = Release|Any CPU
		{0273E955-5031-4306-B728-C94512BB7860}.Release|Any CPU.Build.0 = Release|Any CPU
		{24D928EA-A203-4E74-85C9-03401AFB7700}.Debug|Any CPU.ActiveCfg = Debug|Any CPU
		{24D928EA-A203-4E74-85C9-03401AFB7700}.Debug|Any CPU.Build.0 = Debug|Any CPU
		{24D928EA-A203-4E74-85C9-03401AFB7700}.Release|Any CPU.ActiveCfg = Release|Any CPU
		{24D928EA-A203-4E74-85C9-03401AFB7700}.Release|Any CPU.Build.0 = Release|Any CPU
		{6CF22E7E-0BE5-441D-8B8C-3E0BAB299802}.Debug|Any CPU.ActiveCfg = Debug|Any CPU
		{6CF22E7E-0BE5-441D-8B8C-3E0BAB299802}.Debug|Any CPU.Build.0 = Debug|Any CPU
		{6CF22E7E-0BE5-441D-8B8C-3E0BAB299802}.Release|Any CPU.ActiveCfg = Release|Any CPU
		{6CF22E7E-0BE5-441D-8B8C-3E0BAB299802}.Release|Any CPU.Build.0 = Release|Any CPU
		{A599BBA6-6FCD-4A33-838B-3D177FED9CD0}.Debug|Any CPU.ActiveCfg = Debug|Any CPU
		{A599BBA6-6FCD-4A33-838B-3D177FED9CD0}.Debug|Any CPU.Build.0 = Debug|Any CPU
		{A599BBA6-6FCD-4A33-838B-3D177FED9CD0}.Release|Any CPU.ActiveCfg = Release|Any CPU
		{A599BBA6-6FCD-4A33-838B-3D177FED9CD0}.Release|Any CPU.Build.0 = Release|Any CPU
		{0505FA26-ADDC-42E2-87DB-C819362B1604}.Debug|Any CPU.ActiveCfg = Debug|Any CPU
		{0505FA26-ADDC-42E2-87DB-C819362B1604}.Debug|Any CPU.Build.0 = Debug|Any CPU
		{0505FA26-ADDC-42E2-87DB-C819362B1604}.Release|Any CPU.ActiveCfg = Release|Any CPU
		{0505FA26-ADDC-42E2-87DB-C819362B1604}.Release|Any CPU.Build.0 = Release|Any CPU
		{39AB0BB9-F4DC-4ECC-B5E1-6C6E89F4A5AA}.Debug|Any CPU.ActiveCfg = Debug|Any CPU
		{39AB0BB9-F4DC-4ECC-B5E1-6C6E89F4A5AA}.Debug|Any CPU.Build.0 = Debug|Any CPU
		{39AB0BB9-F4DC-4ECC-B5E1-6C6E89F4A5AA}.Release|Any CPU.ActiveCfg = Release|Any CPU
		{39AB0BB9-F4DC-4ECC-B5E1-6C6E89F4A5AA}.Release|Any CPU.Build.0 = Release|Any CPU
		{03979680-498C-4557-B0E5-092EEA62540E}.Debug|Any CPU.ActiveCfg = Debug|Any CPU
		{03979680-498C-4557-B0E5-092EEA62540E}.Debug|Any CPU.Build.0 = Debug|Any CPU
		{03979680-498C-4557-B0E5-092EEA62540E}.Release|Any CPU.ActiveCfg = Release|Any CPU
		{03979680-498C-4557-B0E5-092EEA62540E}.Release|Any CPU.Build.0 = Release|Any CPU
		{66904ECA-72D3-47AA-9E14-181299347896}.Debug|Any CPU.ActiveCfg = Debug|Any CPU
		{66904ECA-72D3-47AA-9E14-181299347896}.Debug|Any CPU.Build.0 = Debug|Any CPU
		{66904ECA-72D3-47AA-9E14-181299347896}.Release|Any CPU.ActiveCfg = Release|Any CPU
		{66904ECA-72D3-47AA-9E14-181299347896}.Release|Any CPU.Build.0 = Release|Any CPU
		{72A3D782-BF4C-442F-B958-C69F7D1F8A4A}.Debug|Any CPU.ActiveCfg = Debug|Any CPU
		{72A3D782-BF4C-442F-B958-C69F7D1F8A4A}.Debug|Any CPU.Build.0 = Debug|Any CPU
		{72A3D782-BF4C-442F-B958-C69F7D1F8A4A}.Release|Any CPU.ActiveCfg = Release|Any CPU
		{72A3D782-BF4C-442F-B958-C69F7D1F8A4A}.Release|Any CPU.Build.0 = Release|Any CPU
		{C83981A1-519E-4803-BB42-301DA98A23C8}.Debug|Any CPU.ActiveCfg = Debug|Any CPU
		{C83981A1-519E-4803-BB42-301DA98A23C8}.Debug|Any CPU.Build.0 = Debug|Any CPU
		{C83981A1-519E-4803-BB42-301DA98A23C8}.Release|Any CPU.ActiveCfg = Release|Any CPU
		{C83981A1-519E-4803-BB42-301DA98A23C8}.Release|Any CPU.Build.0 = Release|Any CPU
		{DD7EB384-BCB0-439A-9B72-2B25A2A09EAC}.Debug|Any CPU.ActiveCfg = Debug|Any CPU
		{DD7EB384-BCB0-439A-9B72-2B25A2A09EAC}.Debug|Any CPU.Build.0 = Debug|Any CPU
		{DD7EB384-BCB0-439A-9B72-2B25A2A09EAC}.Release|Any CPU.ActiveCfg = Release|Any CPU
		{DD7EB384-BCB0-439A-9B72-2B25A2A09EAC}.Release|Any CPU.Build.0 = Release|Any CPU
	EndGlobalSection
	GlobalSection(SolutionProperties) = preSolution
		HideSolutionNode = FALSE
	EndGlobalSection
	GlobalSection(ExtensibilityGlobals) = postSolution
		SolutionGuid = {280FDD3C-54AB-4AD7-9906-01C801C5D489}
	EndGlobalSection
EndGlobal
