
Microsoft Visual Studio Solution File, Format Version 12.00
# Visual Studio Version 16
VisualStudioVersion = 16.0.28803.452
MinimumVisualStudioVersion = 10.0.40219.1
Project("{9A19103F-16F7-4668-BE54-9A1E7A4F7556}") = "AspNetCoreApiSample.Api", "AspNetCoreApiSample.Api\AspNetCoreApiSample.Api.csproj", "{5CF8380A-51B0-49E3-AB33-6F80C840DF74}"
EndProject
Project("{9A19103F-16F7-4668-BE54-9A1E7A4F7556}") = "AspNetCoreApiSample.Repositories", "AspNetCoreApiSample.Repositories\AspNetCoreApiSample.Repositories.csproj", "{8CC114D6-A311-4628-8666-49BCFBA06DBB}"
EndProject
Project("{9A19103F-16F7-4668-BE54-9A1E7A4F7556}") = "AspNetCoreApiSample.Events", "AspNetCoreApiSample.Events\AspNetCoreApiSample.Events.csproj", "{66FB7971-534E-4E9C-B6D6-7931A913BDC9}"
EndProject
Project("{9A19103F-16F7-4668-BE54-9A1E7A4F7556}") = "AspNetCoreApiSample.Domain", "AspNetCoreApiSample.Domain\AspNetCoreApiSample.Domain.csproj", "{DDB0F358-275B-4DD6-BBE8-5EADFFC56D17}"
EndProject
Project("{9A19103F-16F7-4668-BE54-9A1E7A4F7556}") = "AspNetCoreApiSample.Notifications", "AspNetCoreApiSample.Notifications\AspNetCoreApiSample.Notifications.csproj", "{AF829D60-8CFC-4FE5-A207-A80CFD0FF46A}"
EndProject
Project("{FAE04EC0-301F-11D3-BF4B-00C04F79EFBC}") = "AspNetCoreApiSample.Application", "AspNetCoreApiSample.Application\AspNetCoreApiSample.Application.csproj", "{5F4ABDC5-8E38-47BB-A05C-6074CAC29FD4}"
EndProject
Global
	GlobalSection(SolutionConfigurationPlatforms) = preSolution
		Debug|Any CPU = Debug|Any CPU
		Release|Any CPU = Release|Any CPU
	EndGlobalSection
	GlobalSection(ProjectConfigurationPlatforms) = postSolution
		{5CF8380A-51B0-49E3-AB33-6F80C840DF74}.Debug|Any CPU.ActiveCfg = Debug|Any CPU
		{5CF8380A-51B0-49E3-AB33-6F80C840DF74}.Debug|Any CPU.Build.0 = Debug|Any CPU
		{5CF8380A-51B0-49E3-AB33-6F80C840DF74}.Release|Any CPU.ActiveCfg = Release|Any CPU
		{5CF8380A-51B0-49E3-AB33-6F80C840DF74}.Release|Any CPU.Build.0 = Release|Any CPU
		{8CC114D6-A311-4628-8666-49BCFBA06DBB}.Debug|Any CPU.ActiveCfg = Debug|Any CPU
		{8CC114D6-A311-4628-8666-49BCFBA06DBB}.Debug|Any CPU.Build.0 = Debug|Any CPU
		{8CC114D6-A311-4628-8666-49BCFBA06DBB}.Release|Any CPU.ActiveCfg = Release|Any CPU
		{8CC114D6-A311-4628-8666-49BCFBA06DBB}.Release|Any CPU.Build.0 = Release|Any CPU
		{66FB7971-534E-4E9C-B6D6-7931A913BDC9}.Debug|Any CPU.ActiveCfg = Debug|Any CPU
		{66FB7971-534E-4E9C-B6D6-7931A913BDC9}.Debug|Any CPU.Build.0 = Debug|Any CPU
		{66FB7971-534E-4E9C-B6D6-7931A913BDC9}.Release|Any CPU.ActiveCfg = Release|Any CPU
		{66FB7971-534E-4E9C-B6D6-7931A913BDC9}.Release|Any CPU.Build.0 = Release|Any CPU
		{DDB0F358-275B-4DD6-BBE8-5EADFFC56D17}.Debug|Any CPU.ActiveCfg = Debug|Any CPU
		{DDB0F358-275B-4DD6-BBE8-5EADFFC56D17}.Debug|Any CPU.Build.0 = Debug|Any CPU
		{DDB0F358-275B-4DD6-BBE8-5EADFFC56D17}.Release|Any CPU.ActiveCfg = Release|Any CPU
		{DDB0F358-275B-4DD6-BBE8-5EADFFC56D17}.Release|Any CPU.Build.0 = Release|Any CPU
		{AF829D60-8CFC-4FE5-A207-A80CFD0FF46A}.Debug|Any CPU.ActiveCfg = Debug|Any CPU
		{AF829D60-8CFC-4FE5-A207-A80CFD0FF46A}.Debug|Any CPU.Build.0 = Debug|Any CPU
		{AF829D60-8CFC-4FE5-A207-A80CFD0FF46A}.Release|Any CPU.ActiveCfg = Release|Any CPU
		{AF829D60-8CFC-4FE5-A207-A80CFD0FF46A}.Release|Any CPU.Build.0 = Release|Any CPU
		{5F4ABDC5-8E38-47BB-A05C-6074CAC29FD4}.Debug|Any CPU.ActiveCfg = Debug|Any CPU
		{5F4ABDC5-8E38-47BB-A05C-6074CAC29FD4}.Debug|Any CPU.Build.0 = Debug|Any CPU
		{5F4ABDC5-8E38-47BB-A05C-6074CAC29FD4}.Release|Any CPU.ActiveCfg = Release|Any CPU
		{5F4ABDC5-8E38-47BB-A05C-6074CAC29FD4}.Release|Any CPU.Build.0 = Release|Any CPU
	EndGlobalSection
	GlobalSection(SolutionProperties) = preSolution
		HideSolutionNode = FALSE
	EndGlobalSection
	GlobalSection(ExtensibilityGlobals) = postSolution
		SolutionGuid = {D621AFD9-6437-4CB3-8E38-E6DB097215B6}
	EndGlobalSection
EndGlobal
